
Microsoft Visual Studio Solution File, Format Version 12.00
# Visual Studio 15
VisualStudioVersion = 15.0.26228.4
MinimumVisualStudioVersion = 10.0.40219.1
Project("{FAE04EC0-301F-11D3-BF4B-00C04F79EFBC}") = "QvAbu.Api", "QvAbu.Api\QvAbu.Api.csproj", "{D65A59A1-E9E8-4CCD-B8DB-6652BD2ECEDE}"
EndProject
Project("{E53339B2-1760-4266-BCC7-CA923CBCF16C}") = "docker-compose", "docker-compose.dcproj", "{FF7F77DB-52AF-43AD-B256-868D102E4605}"
EndProject
Project("{FAE04EC0-301F-11D3-BF4B-00C04F79EFBC}") = "QvAbu.Api.Tests", "..\QvAbu.Api.Tests\QvAbu.Api.Tests.csproj", "{9D506BD4-FAD9-4A4C-84F4-AC90AC90ECCB}"
EndProject
Global
	GlobalSection(SolutionConfigurationPlatforms) = preSolution
		Debug|Any CPU = Debug|Any CPU
		Release|Any CPU = Release|Any CPU
	EndGlobalSection
	GlobalSection(ProjectConfigurationPlatforms) = postSolution
		{D65A59A1-E9E8-4CCD-B8DB-6652BD2ECEDE}.Debug|Any CPU.ActiveCfg = Debug|Any CPU
		{D65A59A1-E9E8-4CCD-B8DB-6652BD2ECEDE}.Debug|Any CPU.Build.0 = Debug|Any CPU
		{D65A59A1-E9E8-4CCD-B8DB-6652BD2ECEDE}.Release|Any CPU.ActiveCfg = Release|Any CPU
		{D65A59A1-E9E8-4CCD-B8DB-6652BD2ECEDE}.Release|Any CPU.Build.0 = Release|Any CPU
		{FF7F77DB-52AF-43AD-B256-868D102E4605}.Debug|Any CPU.ActiveCfg = Debug|Any CPU
		{FF7F77DB-52AF-43AD-B256-868D102E4605}.Debug|Any CPU.Build.0 = Debug|Any CPU
		{FF7F77DB-52AF-43AD-B256-868D102E4605}.Release|Any CPU.ActiveCfg = Release|Any CPU
		{FF7F77DB-52AF-43AD-B256-868D102E4605}.Release|Any CPU.Build.0 = Release|Any CPU
		{9D506BD4-FAD9-4A4C-84F4-AC90AC90ECCB}.Debug|Any CPU.ActiveCfg = Debug|Any CPU
		{9D506BD4-FAD9-4A4C-84F4-AC90AC90ECCB}.Debug|Any CPU.Build.0 = Debug|Any CPU
		{9D506BD4-FAD9-4A4C-84F4-AC90AC90ECCB}.Release|Any CPU.ActiveCfg = Release|Any CPU
		{9D506BD4-FAD9-4A4C-84F4-AC90AC90ECCB}.Release|Any CPU.Build.0 = Release|Any CPU
	EndGlobalSection
	GlobalSection(SolutionProperties) = preSolution
		HideSolutionNode = FALSE
	EndGlobalSection
EndGlobal
